// !$*UTF8*$!
{
	archiveVersion = 1;
	classes = {
	};
	objectVersion = 46;
	objects = {

/* Begin PBXBuildFile section */
		04292B571D164F2200BE7685 /* AppDelegate.swift in Sources */ = {isa = PBXBuildFile; fileRef = 04292B561D164F2200BE7685 /* AppDelegate.swift */; };
		04292B591D164F2200BE7685 /* ViewController.swift in Sources */ = {isa = PBXBuildFile; fileRef = 04292B581D164F2200BE7685 /* ViewController.swift */; };
		04292B5C1D164F2200BE7685 /* Main.storyboard in Resources */ = {isa = PBXBuildFile; fileRef = 04292B5A1D164F2200BE7685 /* Main.storyboard */; };
		04292B5E1D164F2200BE7685 /* Assets.xcassets in Resources */ = {isa = PBXBuildFile; fileRef = 04292B5D1D164F2200BE7685 /* Assets.xcassets */; };
		04292B611D164F2200BE7685 /* LaunchScreen.storyboard in Resources */ = {isa = PBXBuildFile; fileRef = 04292B5F1D164F2200BE7685 /* LaunchScreen.storyboard */; };
		04292B6C1D164F2200BE7685 /* MagicalTests.swift in Sources */ = {isa = PBXBuildFile; fileRef = 04292B6B1D164F2200BE7685 /* MagicalTests.swift */; };
		04292B771D164F2200BE7685 /* MagicalUITests.swift in Sources */ = {isa = PBXBuildFile; fileRef = 04292B761D164F2200BE7685 /* MagicalUITests.swift */; };
/* End PBXBuildFile section */

/* Begin PBXContainerItemProxy section */
		04292B681D164F2200BE7685 /* PBXContainerItemProxy */ = {
			isa = PBXContainerItemProxy;
			containerPortal = 04292B4B1D164F2100BE7685 /* Project object */;
			proxyType = 1;
			remoteGlobalIDString = 04292B521D164F2100BE7685;
			remoteInfo = Magical;
		};
		04292B731D164F2200BE7685 /* PBXContainerItemProxy */ = {
			isa = PBXContainerItemProxy;
			containerPortal = 04292B4B1D164F2100BE7685 /* Project object */;
			proxyType = 1;
			remoteGlobalIDString = 04292B521D164F2100BE7685;
			remoteInfo = Magical;
		};
/* End PBXContainerItemProxy section */

/* Begin PBXFileReference section */
		04292B531D164F2100BE7685 /* Magical.app */ = {isa = PBXFileReference; explicitFileType = wrapper.application; includeInIndex = 0; path = Magical.app; sourceTree = BUILT_PRODUCTS_DIR; };
		04292B561D164F2200BE7685 /* AppDelegate.swift */ = {isa = PBXFileReference; lastKnownFileType = sourcecode.swift; path = AppDelegate.swift; sourceTree = "<group>"; };
		04292B581D164F2200BE7685 /* ViewController.swift */ = {isa = PBXFileReference; lastKnownFileType = sourcecode.swift; path = ViewController.swift; sourceTree = "<group>"; };
		04292B5B1D164F2200BE7685 /* Base */ = {isa = PBXFileReference; lastKnownFileType = file.storyboard; name = Base; path = Base.lproj/Main.storyboard; sourceTree = "<group>"; };
		04292B5D1D164F2200BE7685 /* Assets.xcassets */ = {isa = PBXFileReference; lastKnownFileType = folder.assetcatalog; path = Assets.xcassets; sourceTree = "<group>"; };
		04292B601D164F2200BE7685 /* Base */ = {isa = PBXFileReference; lastKnownFileType = file.storyboard; name = Base; path = Base.lproj/LaunchScreen.storyboard; sourceTree = "<group>"; };
		04292B621D164F2200BE7685 /* Info.plist */ = {isa = PBXFileReference; lastKnownFileType = text.plist.xml; path = Info.plist; sourceTree = "<group>"; };
		04292B671D164F2200BE7685 /* MagicalTests.xctest */ = {isa = PBXFileReference; explicitFileType = wrapper.cfbundle; includeInIndex = 0; path = MagicalTests.xctest; sourceTree = BUILT_PRODUCTS_DIR; };
		04292B6B1D164F2200BE7685 /* MagicalTests.swift */ = {isa = PBXFileReference; lastKnownFileType = sourcecode.swift; path = MagicalTests.swift; sourceTree = "<group>"; };
		04292B6D1D164F2200BE7685 /* Info.plist */ = {isa = PBXFileReference; lastKnownFileType = text.plist.xml; path = Info.plist; sourceTree = "<group>"; };
		04292B721D164F2200BE7685 /* MagicalUITests.xctest */ = {isa = PBXFileReference; explicitFileType = wrapper.cfbundle; includeInIndex = 0; path = MagicalUITests.xctest; sourceTree = BUILT_PRODUCTS_DIR; };
		04292B761D164F2200BE7685 /* MagicalUITests.swift */ = {isa = PBXFileReference; lastKnownFileType = sourcecode.swift; path = MagicalUITests.swift; sourceTree = "<group>"; };
		04292B781D164F2200BE7685 /* Info.plist */ = {isa = PBXFileReference; lastKnownFileType = text.plist.xml; path = Info.plist; sourceTree = "<group>"; };
/* End PBXFileReference section */

/* Begin PBXFrameworksBuildPhase section */
		04292B501D164F2100BE7685 /* Frameworks */ = {
			isa = PBXFrameworksBuildPhase;
			buildActionMask = 2147483647;
			files = (
			);
			runOnlyForDeploymentPostprocessing = 0;
		};
		04292B641D164F2200BE7685 /* Frameworks */ = {
			isa = PBXFrameworksBuildPhase;
			buildActionMask = 2147483647;
			files = (
			);
			runOnlyForDeploymentPostprocessing = 0;
		};
		04292B6F1D164F2200BE7685 /* Frameworks */ = {
			isa = PBXFrameworksBuildPhase;
			buildActionMask = 2147483647;
			files = (
			);
			runOnlyForDeploymentPostprocessing = 0;
		};
/* End PBXFrameworksBuildPhase section */

/* Begin PBXGroup section */
		04292B4A1D164F2100BE7685 = {
			isa = PBXGroup;
			children = (
				04292B551D164F2200BE7685 /* Magical */,
				04292B6A1D164F2200BE7685 /* MagicalTests */,
				04292B751D164F2200BE7685 /* MagicalUITests */,
				04292B541D164F2100BE7685 /* Products */,
			);
			sourceTree = "<group>";
		};
		04292B541D164F2100BE7685 /* Products */ = {
			isa = PBXGroup;
			children = (
				04292B531D164F2100BE7685 /* Magical.app */,
				04292B671D164F2200BE7685 /* MagicalTests.xctest */,
				04292B721D164F2200BE7685 /* MagicalUITests.xctest */,
			);
			name = Products;
			sourceTree = "<group>";
		};
		04292B551D164F2200BE7685 /* Magical */ = {
			isa = PBXGroup;
			children = (
				04292B561D164F2200BE7685 /* AppDelegate.swift */,
				04292B581D164F2200BE7685 /* ViewController.swift */,
				04292B5A1D164F2200BE7685 /* Main.storyboard */,
				04292B5D1D164F2200BE7685 /* Assets.xcassets */,
				04292B5F1D164F2200BE7685 /* LaunchScreen.storyboard */,
				04292B621D164F2200BE7685 /* Info.plist */,
			);
			path = Magical;
			sourceTree = "<group>";
		};
		04292B6A1D164F2200BE7685 /* MagicalTests */ = {
			isa = PBXGroup;
			children = (
				04292B6B1D164F2200BE7685 /* MagicalTests.swift */,
				04292B6D1D164F2200BE7685 /* Info.plist */,
			);
			path = MagicalTests;
			sourceTree = "<group>";
		};
		04292B751D164F2200BE7685 /* MagicalUITests */ = {
			isa = PBXGroup;
			children = (
				04292B761D164F2200BE7685 /* MagicalUITests.swift */,
				04292B781D164F2200BE7685 /* Info.plist */,
			);
			path = MagicalUITests;
			sourceTree = "<group>";
		};
/* End PBXGroup section */

/* Begin PBXNativeTarget section */
		04292B521D164F2100BE7685 /* Magical */ = {
			isa = PBXNativeTarget;
			buildConfigurationList = 04292B7B1D164F2200BE7685 /* Build configuration list for PBXNativeTarget "Magical" */;
			buildPhases = (
				04292B4F1D164F2100BE7685 /* Sources */,
				04292B501D164F2100BE7685 /* Frameworks */,
				04292B511D164F2100BE7685 /* Resources */,
			);
			buildRules = (
			);
			dependencies = (
			);
			name = Magical;
			productName = Magical;
			productReference = 04292B531D164F2100BE7685 /* Magical.app */;
			productType = "com.apple.product-type.application";
		};
		04292B661D164F2200BE7685 /* MagicalTests */ = {
			isa = PBXNativeTarget;
			buildConfigurationList = 04292B7E1D164F2200BE7685 /* Build configuration list for PBXNativeTarget "MagicalTests" */;
			buildPhases = (
				04292B631D164F2200BE7685 /* Sources */,
				04292B641D164F2200BE7685 /* Frameworks */,
				04292B651D164F2200BE7685 /* Resources */,
			);
			buildRules = (
			);
			dependencies = (
				04292B691D164F2200BE7685 /* PBXTargetDependency */,
			);
			name = MagicalTests;
			productName = MagicalTests;
			productReference = 04292B671D164F2200BE7685 /* MagicalTests.xctest */;
			productType = "com.apple.product-type.bundle.unit-test";
		};
		04292B711D164F2200BE7685 /* MagicalUITests */ = {
			isa = PBXNativeTarget;
			buildConfigurationList = 04292B811D164F2200BE7685 /* Build configuration list for PBXNativeTarget "MagicalUITests" */;
			buildPhases = (
				04292B6E1D164F2200BE7685 /* Sources */,
				04292B6F1D164F2200BE7685 /* Frameworks */,
				04292B701D164F2200BE7685 /* Resources */,
			);
			buildRules = (
			);
			dependencies = (
				04292B741D164F2200BE7685 /* PBXTargetDependency */,
			);
			name = MagicalUITests;
			productName = MagicalUITests;
			productReference = 04292B721D164F2200BE7685 /* MagicalUITests.xctest */;
			productType = "com.apple.product-type.bundle.ui-testing";
		};
/* End PBXNativeTarget section */

/* Begin PBXProject section */
		04292B4B1D164F2100BE7685 /* Project object */ = {
			isa = PBXProject;
			attributes = {
				LastSwiftUpdateCheck = 0730;
				LastUpgradeCheck = 0730;
				ORGANIZATIONNAME = "THUC-NHI LE";
				TargetAttributes = {
					04292B521D164F2100BE7685 = {
						CreatedOnToolsVersion = 7.3.1;
					};
					04292B661D164F2200BE7685 = {
						CreatedOnToolsVersion = 7.3.1;
						TestTargetID = 04292B521D164F2100BE7685;
					};
					04292B711D164F2200BE7685 = {
						CreatedOnToolsVersion = 7.3.1;
						TestTargetID = 04292B521D164F2100BE7685;
					};
				};
			};
			buildConfigurationList = 04292B4E1D164F2100BE7685 /* Build configuration list for PBXProject "Magical" */;
			compatibilityVersion = "Xcode 3.2";
			developmentRegion = English;
			hasScannedForEncodings = 0;
			knownRegions = (
				en,
				Base,
			);
			mainGroup = 04292B4A1D164F2100BE7685;
			productRefGroup = 04292B541D164F2100BE7685 /* Products */;
			projectDirPath = "";
			projectRoot = "";
			targets = (
				04292B521D164F2100BE7685 /* Magical */,
				04292B661D164F2200BE7685 /* MagicalTests */,
				04292B711D164F2200BE7685 /* MagicalUITests */,
			);
		};
/* End PBXProject section */

/* Begin PBXResourcesBuildPhase section */
		04292B511D164F2100BE7685 /* Resources */ = {
			isa = PBXResourcesBuildPhase;
			buildActionMask = 2147483647;
			files = (
				04292B611D164F2200BE7685 /* LaunchScreen.storyboard in Resources */,
				04292B5E1D164F2200BE7685 /* Assets.xcassets in Resources */,
				04292B5C1D164F2200BE7685 /* Main.storyboard in Resources */,
			);
			runOnlyForDeploymentPostprocessing = 0;
		};
		04292B651D164F2200BE7685 /* Resources */ = {
			isa = PBXResourcesBuildPhase;
			buildActionMask = 2147483647;
			files = (
			);
			runOnlyForDeploymentPostprocessing = 0;
		};
		04292B701D164F2200BE7685 /* Resources */ = {
			isa = PBXResourcesBuildPhase;
			buildActionMask = 2147483647;
			files = (
			);
			runOnlyForDeploymentPostprocessing = 0;
		};
/* End PBXResourcesBuildPhase section */

/* Begin PBXSourcesBuildPhase section */
		04292B4F1D164F2100BE7685 /* Sources */ = {
			isa = PBXSourcesBuildPhase;
			buildActionMask = 2147483647;
			files = (
				04292B591D164F2200BE7685 /* ViewController.swift in Sources */,
				04292B571D164F2200BE7685 /* AppDelegate.swift in Sources */,
			);
			runOnlyForDeploymentPostprocessing = 0;
		};
		04292B631D164F2200BE7685 /* Sources */ = {
			isa = PBXSourcesBuildPhase;
			buildActionMask = 2147483647;
			files = (
				04292B6C1D164F2200BE7685 /* MagicalTests.swift in Sources */,
			);
			runOnlyForDeploymentPostprocessing = 0;
		};
		04292B6E1D164F2200BE7685 /* Sources */ = {
			isa = PBXSourcesBuildPhase;
			buildActionMask = 2147483647;
			files = (
				04292B771D164F2200BE7685 /* MagicalUITests.swift in Sources */,
			);
			runOnlyForDeploymentPostprocessing = 0;
		};
/* End PBXSourcesBuildPhase section */

/* Begin PBXTargetDependency section */
		04292B691D164F2200BE7685 /* PBXTargetDependency */ = {
			isa = PBXTargetDependency;
			target = 04292B521D164F2100BE7685 /* Magical */;
			targetProxy = 04292B681D164F2200BE7685 /* PBXContainerItemProxy */;
		};
		04292B741D164F2200BE7685 /* PBXTargetDependency */ = {
			isa = PBXTargetDependency;
			target = 04292B521D164F2100BE7685 /* Magical */;
			targetProxy = 04292B731D164F2200BE7685 /* PBXContainerItemProxy */;
		};
/* End PBXTargetDependency section */

/* Begin PBXVariantGroup section */
		04292B5A1D164F2200BE7685 /* Main.storyboard */ = {
			isa = PBXVariantGroup;
			children = (
				04292B5B1D164F2200BE7685 /* Base */,
			);
			name = Main.storyboard;
			sourceTree = "<group>";
		};
		04292B5F1D164F2200BE7685 /* LaunchScreen.storyboard */ = {
			isa = PBXVariantGroup;
			children = (
				04292B601D164F2200BE7685 /* Base */,
			);
			name = LaunchScreen.storyboard;
			sourceTree = "<group>";
		};
/* End PBXVariantGroup section */

/* Begin XCBuildConfiguration section */
		04292B791D164F2200BE7685 /* Debug */ = {
			isa = XCBuildConfiguration;
			buildSettings = {
				ALWAYS_SEARCH_USER_PATHS = NO;
				CLANG_ANALYZER_NONNULL = YES;
				CLANG_CXX_LANGUAGE_STANDARD = "gnu++0x";
				CLANG_CXX_LIBRARY = "libc++";
				CLANG_ENABLE_MODULES = YES;
				CLANG_ENABLE_OBJC_ARC = YES;
				CLANG_WARN_BOOL_CONVERSION = YES;
				CLANG_WARN_CONSTANT_CONVERSION = YES;
				CLANG_WARN_DIRECT_OBJC_ISA_USAGE = YES_ERROR;
				CLANG_WARN_EMPTY_BODY = YES;
				CLANG_WARN_ENUM_CONVERSION = YES;
				CLANG_WARN_INT_CONVERSION = YES;
				CLANG_WARN_OBJC_ROOT_CLASS = YES_ERROR;
				CLANG_WARN_UNREACHABLE_CODE = YES;
				CLANG_WARN__DUPLICATE_METHOD_MATCH = YES;
				"CODE_SIGN_IDENTITY[sdk=iphoneos*]" = "iPhone Developer";
				COPY_PHASE_STRIP = NO;
				DEBUG_INFORMATION_FORMAT = dwarf;
				ENABLE_STRICT_OBJC_MSGSEND = YES;
				ENABLE_TESTABILITY = YES;
				GCC_C_LANGUAGE_STANDARD = gnu99;
				GCC_DYNAMIC_NO_PIC = NO;
				GCC_NO_COMMON_BLOCKS = YES;
				GCC_OPTIMIZATION_LEVEL = 0;
				GCC_PREPROCESSOR_DEFINITIONS = (
					"DEBUG=1",
					"$(inherited)",
				);
				GCC_WARN_64_TO_32_BIT_CONVERSION = YES;
				GCC_WARN_ABOUT_RETURN_TYPE = YES_ERROR;
				GCC_WARN_UNDECLARED_SELECTOR = YES;
				GCC_WARN_UNINITIALIZED_AUTOS = YES_AGGRESSIVE;
				GCC_WARN_UNUSED_FUNCTION = YES;
				GCC_WARN_UNUSED_VARIABLE = YES;
				IPHONEOS_DEPLOYMENT_TARGET = 9.3;
				MTL_ENABLE_DEBUG_INFO = YES;
				ONLY_ACTIVE_ARCH = YES;
				SDKROOT = iphoneos;
				SWIFT_OPTIMIZATION_LEVEL = "-Onone";
			};
			name = Debug;
		};
		04292B7A1D164F2200BE7685 /* Release */ = {
			isa = XCBuildConfiguration;
			buildSettings = {
				ALWAYS_SEARCH_USER_PATHS = NO;
				CLANG_ANALYZER_NONNULL = YES;
				CLANG_CXX_LANGUAGE_STANDARD = "gnu++0x";
				CLANG_CXX_LIBRARY = "libc++";
				CLANG_ENABLE_MODULES = YES;
				CLANG_ENABLE_OBJC_ARC = YES;
				CLANG_WARN_BOOL_CONVERSION = YES;
				CLANG_WARN_CONSTANT_CONVERSION = YES;
				CLANG_WARN_DIRECT_OBJC_ISA_USAGE = YES_ERROR;
				CLANG_WARN_EMPTY_BODY = YES;
				CLANG_WARN_ENUM_CONVERSION = YES;
				CLANG_WARN_INT_CONVERSION = YES;
				CLANG_WARN_OBJC_ROOT_CLASS = YES_ERROR;
				CLANG_WARN_UNREACHABLE_CODE = YES;
				CLANG_WARN__DUPLICATE_METHOD_MATCH = YES;
				"CODE_SIGN_IDENTITY[sdk=iphoneos*]" = "iPhone Developer";
				COPY_PHASE_STRIP = NO;
				DEBUG_INFORMATION_FORMAT = "dwarf-with-dsym";
				ENABLE_NS_ASSERTIONS = NO;
				ENABLE_STRICT_OBJC_MSGSEND = YES;
				GCC_C_LANGUAGE_STANDARD = gnu99;
				GCC_NO_COMMON_BLOCKS = YES;
				GCC_WARN_64_TO_32_BIT_CONVERSION = YES;
				GCC_WARN_ABOUT_RETURN_TYPE = YES_ERROR;
				GCC_WARN_UNDECLARED_SELECTOR = YES;
				GCC_WARN_UNINITIALIZED_AUTOS = YES_AGGRESSIVE;
				GCC_WARN_UNUSED_FUNCTION = YES;
				GCC_WARN_UNUSED_VARIABLE = YES;
				IPHONEOS_DEPLOYMENT_TARGET = 9.3;
				MTL_ENABLE_DEBUG_INFO = NO;
				SDKROOT = iphoneos;
				VALIDATE_PRODUCT = YES;
			};
			name = Release;
		};
		04292B7C1D164F2200BE7685 /* Debug */ = {
			isa = XCBuildConfiguration;
			buildSettings = {
				ASSETCATALOG_COMPILER_APPICON_NAME = AppIcon;
				INFOPLIST_FILE = Magical/Info.plist;
				LD_RUNPATH_SEARCH_PATHS = "$(inherited) @executable_path/Frameworks";
				PRODUCT_BUNDLE_IDENTIFIER = io.thucnhi2411.github.Magical;
				PRODUCT_NAME = "$(TARGET_NAME)";
			};
			name = Debug;
		};
		04292B7D1D164F2200BE7685 /* Release */ = {
			isa = XCBuildConfiguration;
			buildSettings = {
				ASSETCATALOG_COMPILER_APPICON_NAME = AppIcon;
				INFOPLIST_FILE = Magical/Info.plist;
				LD_RUNPATH_SEARCH_PATHS = "$(inherited) @executable_path/Frameworks";
				PRODUCT_BUNDLE_IDENTIFIER = io.thucnhi2411.github.Magical;
				PRODUCT_NAME = "$(TARGET_NAME)";
			};
			name = Release;
		};
		04292B7F1D164F2200BE7685 /* Debug */ = {
			isa = XCBuildConfiguration;
			buildSettings = {
				BUNDLE_LOADER = "$(TEST_HOST)";
				INFOPLIST_FILE = MagicalTests/Info.plist;
				LD_RUNPATH_SEARCH_PATHS = "$(inherited) @executable_path/Frameworks @loader_path/Frameworks";
				PRODUCT_BUNDLE_IDENTIFIER = io.thucnhi2411.github.MagicalTests;
				PRODUCT_NAME = "$(TARGET_NAME)";
				TEST_HOST = "$(BUILT_PRODUCTS_DIR)/Magical.app/Magical";
			};
			name = Debug;
		};
		04292B801D164F2200BE7685 /* Release */ = {
			isa = XCBuildConfiguration;
			buildSettings = {
				BUNDLE_LOADER = "$(TEST_HOST)";
				INFOPLIST_FILE = MagicalTests/Info.plist;
				LD_RUNPATH_SEARCH_PATHS = "$(inherited) @executable_path/Frameworks @loader_path/Frameworks";
				PRODUCT_BUNDLE_IDENTIFIER = io.thucnhi2411.github.MagicalTests;
				PRODUCT_NAME = "$(TARGET_NAME)";
				TEST_HOST = "$(BUILT_PRODUCTS_DIR)/Magical.app/Magical";
			};
			name = Release;
		};
		04292B821D164F2200BE7685 /* Debug */ = {
			isa = XCBuildConfiguration;
			buildSettings = {
				INFOPLIST_FILE = MagicalUITests/Info.plist;
				LD_RUNPATH_SEARCH_PATHS = "$(inherited) @executable_path/Frameworks @loader_path/Frameworks";
				PRODUCT_BUNDLE_IDENTIFIER = io.thucnhi2411.github.MagicalUITests;
				PRODUCT_NAME = "$(TARGET_NAME)";
				TEST_TARGET_NAME = Magical;
			};
			name = Debug;
		};
		04292B831D164F2200BE7685 /* Release */ = {
			isa = XCBuildConfiguration;
			buildSettings = {
				INFOPLIST_FILE = MagicalUITests/Info.plist;
				LD_RUNPATH_SEARCH_PATHS = "$(inherited) @executable_path/Frameworks @loader_path/Frameworks";
				PRODUCT_BUNDLE_IDENTIFIER = io.thucnhi2411.github.MagicalUITests;
				PRODUCT_NAME = "$(TARGET_NAME)";
				TEST_TARGET_NAME = Magical;
			};
			name = Release;
		};
/* End XCBuildConfiguration section */

/* Begin XCConfigurationList section */
		04292B4E1D164F2100BE7685 /* Build configuration list for PBXProject "Magical" */ = {
			isa = XCConfigurationList;
			buildConfigurations = (
				04292B791D164F2200BE7685 /* Debug */,
				04292B7A1D164F2200BE7685 /* Release */,
			);
			defaultConfigurationIsVisible = 0;
			defaultConfigurationName = Release;
		};
		04292B7B1D164F2200BE7685 /* Build configuration list for PBXNativeTarget "Magical" */ = {
			isa = XCConfigurationList;
			buildConfigurations = (
				04292B7C1D164F2200BE7685 /* Debug */,
				04292B7D1D164F2200BE7685 /* Release */,
			);
			defaultConfigurationIsVisible = 0;
			defaultConfigurationName = Release;
		};
		04292B7E1D164F2200BE7685 /* Build configuration list for PBXNativeTarget "MagicalTests" */ = {
			isa = XCConfigurationList;
			buildConfigurations = (
				04292B7F1D164F2200BE7685 /* Debug */,
				04292B801D164F2200BE7685 /* Release */,
			);
			defaultConfigurationIsVisible = 0;
			defaultConfigurationName = Release;
		};
		04292B811D164F2200BE7685 /* Build configuration list for PBXNativeTarget "MagicalUITests" */ = {
			isa = XCConfigurationList;
			buildConfigurations = (
				04292B821D164F2200BE7685 /* Debug */,
				04292B831D164F2200BE7685 /* Release */,
			);
			defaultConfigurationIsVisible = 0;
			defaultConfigurationName = Release;
		};
/* End XCConfigurationList section */
	};
	rootObject = 04292B4B1D164F2100BE7685 /* Project object */;
}
